dependencies:
- name: auth-service
  repository: file://../auth-service
  version: 0.1.0
- name: gateway-service
  repository: file://../gateway-service
  version: 0.1.0
- name: loans-service
  repository: file://../loans-service
  version: 0.1.0
- name: users-service
  repository: file://../users-service
  version: 0.1.0
- name: postgres-users
  repository: file://../postgres-users
  version: 0.1.0
- name: eureka-server
  repository: file://../eureka-server
  version: 0.1.0
- name: shared-secrets
  repository: file://../shared-secrets
  version: 0.1.0
digest: sha256:119d2dc8a53e18a316c83892152a4fffe391f1bea20da061f0bd56b445f2faae
generated: "2025-08-26T10:59:39.123692+03:00"
