dependencies:
- name: auth-service
  repository: file://../auth-service
  version: 0.1.0
- name: gateway-service
  repository: file://../gateway-service
  version: 0.1.0
- name: loans-service
  repository: file://../loans-service
  version: 0.1.0
- name: users-service
  repository: file://../users-service
  version: 0.1.0
- name: postgres-users
  repository: file://../postgres-users
  version: 0.1.0
- name: postgres-loans
  repository: file://../postgres-loans
  version: 0.1.0
- name: eureka-server
  repository: file://../eureka-server
  version: 0.1.0
- name: shared-secrets
  repository: file://../shared-secrets
  version: 0.1.0
digest: sha256:8d7e609584635d97392a102f3f131f299afb62496c46f0ce6f1aeadd87a53843
generated: "2025-08-27T19:47:46.299876+03:00"
